
Microsoft Visual Studio Solution File, Format Version 12.00
# Visual Studio Version 17
VisualStudioVersion = 17.0.31903.59
MinimumVisualStudioVersion = 10.0.40219.1
Project("{2150E333-8FDC-42A3-9474-1A3956D46DE8}") = "src", "src", "{827E0CD3-B72D-47B6-A68D-7590B98EB39B}"
EndProject
Project("{FAE04EC0-301F-11D3-BF4B-00C04F79EFBC}") = "ThisCafeteria.Web", "src\ThisCafeteria.Web\ThisCafeteria.Web.csproj", "{CC9884C5-858B-4FB8-9C4D-770167EA3551}"
EndProject
Project("{FAE04EC0-301F-11D3-BF4B-00C04F79EFBC}") = "ThisCafeteria.Domain", "src\ThisCafeteria.Domain\ThisCafeteria.Domain.csproj", "{50EA563E-B61D-418D-A584-0DB3737EF99C}"
EndProject
Project("{FAE04EC0-301F-11D3-BF4B-00C04F79EFBC}") = "ThisCafeteria.Application", "src\ThisCafeteria.Application\ThisCafeteria.Application.csproj", "{7D9EC3BA-3B6F-49E9-AB8D-8E02322A77ED}"
EndProject
Project("{FAE04EC0-301F-11D3-BF4B-00C04F79EFBC}") = "ThisCafeteria.Infrastructure", "src\ThisCafeteria.Infrastructure\ThisCafeteria.Infrastructure.csproj", "{D975D558-4E0E-4347-96EB-C2BCC326892A}"
EndProject
Project("{FAE04EC0-301F-11D3-BF4B-00C04F79EFBC}") = "ThisCafeteria.Worker", "src\ThisCafeteria.Worker\ThisCafeteria.Worker.csproj", "{76445990-A37C-4D15-B775-A8A655D916C7}"
EndProject
Project("{2150E333-8FDC-42A3-9474-1A3956D46DE8}") = "tests", "tests", "{0AB3BF05-4346-4AA6-1389-037BE0695223}"
EndProject
Project("{FAE04EC0-301F-11D3-BF4B-00C04F79EFBC}") = "ThisCafeteria.UnitTests", "tests\ThisCafeteria.UnitTests\ThisCafeteria.UnitTests.csproj", "{08B054FE-6387-4432-A461-B1DA032EB99F}"
EndProject
Project("{FAE04EC0-301F-11D3-BF4B-00C04F79EFBC}") = "ThisCafeteria.IntegrationTests", "tests\ThisCafeteria.IntegrationTests\ThisCafeteria.IntegrationTests.csproj", "{6BA64F85-1646-46CE-A964-CD058AE005C6}"
EndProject
Global
	GlobalSection(SolutionConfigurationPlatforms) = preSolution
		Debug|Any CPU = Debug|Any CPU
		Debug|x64 = Debug|x64
		Debug|x86 = Debug|x86
		Release|Any CPU = Release|Any CPU
		Release|x64 = Release|x64
		Release|x86 = Release|x86
	EndGlobalSection
	GlobalSection(ProjectConfigurationPlatforms) = postSolution
		{CC9884C5-858B-4FB8-9C4D-770167EA3551}.Debug|Any CPU.ActiveCfg = Debug|Any CPU
		{CC9884C5-858B-4FB8-9C4D-770167EA3551}.Debug|Any CPU.Build.0 = Debug|Any CPU
		{CC9884C5-858B-4FB8-9C4D-770167EA3551}.Debug|x64.ActiveCfg = Debug|Any CPU
		{CC9884C5-858B-4FB8-9C4D-770167EA3551}.Debug|x64.Build.0 = Debug|Any CPU
		{CC9884C5-858B-4FB8-9C4D-770167EA3551}.Debug|x86.ActiveCfg = Debug|Any CPU
		{CC9884C5-858B-4FB8-9C4D-770167EA3551}.Debug|x86.Build.0 = Debug|Any CPU
		{CC9884C5-858B-4FB8-9C4D-770167EA3551}.Release|Any CPU.ActiveCfg = Release|Any CPU
		{CC9884C5-858B-4FB8-9C4D-770167EA3551}.Release|Any CPU.Build.0 = Release|Any CPU
		{CC9884C5-858B-4FB8-9C4D-770167EA3551}.Release|x64.ActiveCfg = Release|Any CPU
		{CC9884C5-858B-4FB8-9C4D-770167EA3551}.Release|x64.Build.0 = Release|Any CPU
		{CC9884C5-858B-4FB8-9C4D-770167EA3551}.Release|x86.ActiveCfg = Release|Any CPU
		{CC9884C5-858B-4FB8-9C4D-770167EA3551}.Release|x86.Build.0 = Release|Any CPU
		{50EA563E-B61D-418D-A584-0DB3737EF99C}.Debug|Any CPU.ActiveCfg = Debug|Any CPU
		{50EA563E-B61D-418D-A584-0DB3737EF99C}.Debug|Any CPU.Build.0 = Debug|Any CPU
		{50EA563E-B61D-418D-A584-0DB3737EF99C}.Debug|x64.ActiveCfg = Debug|Any CPU
		{50EA563E-B61D-418D-A584-0DB3737EF99C}.Debug|x64.Build.0 = Debug|Any CPU
		{50EA563E-B61D-418D-A584-0DB3737EF99C}.Debug|x86.ActiveCfg = Debug|Any CPU
		{50EA563E-B61D-418D-A584-0DB3737EF99C}.Debug|x86.Build.0 = Debug|Any CPU
		{50EA563E-B61D-418D-A584-0DB3737EF99C}.Release|Any CPU.ActiveCfg = Release|Any CPU
		{50EA563E-B61D-418D-A584-0DB3737EF99C}.Release|Any CPU.Build.0 = Release|Any CPU
		{50EA563E-B61D-418D-A584-0DB3737EF99C}.Release|x64.ActiveCfg = Release|Any CPU
		{50EA563E-B61D-418D-A584-0DB3737EF99C}.Release|x64.Build.0 = Release|Any CPU
		{50EA563E-B61D-418D-A584-0DB3737EF99C}.Release|x86.ActiveCfg = Release|Any CPU
		{50EA563E-B61D-418D-A584-0DB3737EF99C}.Release|x86.Build.0 = Release|Any CPU
		{7D9EC3BA-3B6F-49E9-AB8D-8E02322A77ED}.Debug|Any CPU.ActiveCfg = Debug|Any CPU
		{7D9EC3BA-3B6F-49E9-AB8D-8E02322A77ED}.Debug|Any CPU.Build.0 = Debug|Any CPU
		{7D9EC3BA-3B6F-49E9-AB8D-8E02322A77ED}.Debug|x64.ActiveCfg = Debug|Any CPU
		{7D9EC3BA-3B6F-49E9-AB8D-8E02322A77ED}.Debug|x64.Build.0 = Debug|Any CPU
		{7D9EC3BA-3B6F-49E9-AB8D-8E02322A77ED}.Debug|x86.ActiveCfg = Debug|Any CPU
		{7D9EC3BA-3B6F-49E9-AB8D-8E02322A77ED}.Debug|x86.Build.0 = Debug|Any CPU
		{7D9EC3BA-3B6F-49E9-AB8D-8E02322A77ED}.Release|Any CPU.ActiveCfg = Release|Any CPU
		{7D9EC3BA-3B6F-49E9-AB8D-8E02322A77ED}.Release|Any CPU.Build.0 = Release|Any CPU
		{7D9EC3BA-3B6F-49E9-AB8D-8E02322A77ED}.Release|x64.ActiveCfg = Release|Any CPU
		{7D9EC3BA-3B6F-49E9-AB8D-8E02322A77ED}.Release|x64.Build.0 = Release|Any CPU
		{7D9EC3BA-3B6F-49E9-AB8D-8E02322A77ED}.Release|x86.ActiveCfg = Release|Any CPU
		{7D9EC3BA-3B6F-49E9-AB8D-8E02322A77ED}.Release|x86.Build.0 = Release|Any CPU
		{D975D558-4E0E-4347-96EB-C2BCC326892A}.Debug|Any CPU.ActiveCfg = Debug|Any CPU
		{D975D558-4E0E-4347-96EB-C2BCC326892A}.Debug|Any CPU.Build.0 = Debug|Any CPU
		{D975D558-4E0E-4347-96EB-C2BCC326892A}.Debug|x64.ActiveCfg = Debug|Any CPU
		{D975D558-4E0E-4347-96EB-C2BCC326892A}.Debug|x64.Build.0 = Debug|Any CPU
		{D975D558-4E0E-4347-96EB-C2BCC326892A}.Debug|x86.ActiveCfg = Debug|Any CPU
		{D975D558-4E0E-4347-96EB-C2BCC326892A}.Debug|x86.Build.0 = Debug|Any CPU
		{D975D558-4E0E-4347-96EB-C2BCC326892A}.Release|Any CPU.ActiveCfg = Release|Any CPU
		{D975D558-4E0E-4347-96EB-C2BCC326892A}.Release|Any CPU.Build.0 = Release|Any CPU
		{D975D558-4E0E-4347-96EB-C2BCC326892A}.Release|x64.ActiveCfg = Release|Any CPU
		{D975D558-4E0E-4347-96EB-C2BCC326892A}.Release|x64.Build.0 = Release|Any CPU
		{D975D558-4E0E-4347-96EB-C2BCC326892A}.Release|x86.ActiveCfg = Release|Any CPU
		{D975D558-4E0E-4347-96EB-C2BCC326892A}.Release|x86.Build.0 = Release|Any CPU
		{76445990-A37C-4D15-B775-A8A655D916C7}.Debug|Any CPU.ActiveCfg = Debug|Any CPU
		{76445990-A37C-4D15-B775-A8A655D916C7}.Debug|Any CPU.Build.0 = Debug|Any CPU
		{76445990-A37C-4D15-B775-A8A655D916C7}.Debug|x64.ActiveCfg = Debug|Any CPU
		{76445990-A37C-4D15-B775-A8A655D916C7}.Debug|x64.Build.0 = Debug|Any CPU
		{76445990-A37C-4D15-B775-A8A655D916C7}.Debug|x86.ActiveCfg = Debug|Any CPU
		{76445990-A37C-4D15-B775-A8A655D916C7}.Debug|x86.Build.0 = Debug|Any CPU
		{76445990-A37C-4D15-B775-A8A655D916C7}.Release|Any CPU.ActiveCfg = Release|Any CPU
		{76445990-A37C-4D15-B775-A8A655D916C7}.Release|Any CPU.Build.0 = Release|Any CPU
		{76445990-A37C-4D15-B775-A8A655D916C7}.Release|x64.ActiveCfg = Release|Any CPU
		{76445990-A37C-4D15-B775-A8A655D916C7}.Release|x64.Build.0 = Release|Any CPU
		{76445990-A37C-4D15-B775-A8A655D916C7}.Release|x86.ActiveCfg = Release|Any CPU
		{76445990-A37C-4D15-B775-A8A655D916C7}.Release|x86.Build.0 = Release|Any CPU
		{08B054FE-6387-4432-A461-B1DA032EB99F}.Debug|Any CPU.ActiveCfg = Debug|Any CPU
		{08B054FE-6387-4432-A461-B1DA032EB99F}.Debug|Any CPU.Build.0 = Debug|Any CPU
		{08B054FE-6387-4432-A461-B1DA032EB99F}.Debug|x64.ActiveCfg = Debug|Any CPU
		{08B054FE-6387-4432-A461-B1DA032EB99F}.Debug|x64.Build.0 = Debug|Any CPU
		{08B054FE-6387-4432-A461-B1DA032EB99F}.Debug|x86.ActiveCfg = Debug|Any CPU
		{08B054FE-6387-4432-A461-B1DA032EB99F}.Debug|x86.Build.0 = Debug|Any CPU
		{08B054FE-6387-4432-A461-B1DA032EB99F}.Release|Any CPU.ActiveCfg = Release|Any CPU
		{08B054FE-6387-4432-A461-B1DA032EB99F}.Release|Any CPU.Build.0 = Release|Any CPU
		{08B054FE-6387-4432-A461-B1DA032EB99F}.Release|x64.ActiveCfg = Release|Any CPU
		{08B054FE-6387-4432-A461-B1DA032EB99F}.Release|x64.Build.0 = Release|Any CPU
		{08B054FE-6387-4432-A461-B1DA032EB99F}.Release|x86.ActiveCfg = Release|Any CPU
		{08B054FE-6387-4432-A461-B1DA032EB99F}.Release|x86.Build.0 = Release|Any CPU
		{6BA64F85-1646-46CE-A964-CD058AE005C6}.Debug|Any CPU.ActiveCfg = Debug|Any CPU
		{6BA64F85-1646-46CE-A964-CD058AE005C6}.Debug|Any CPU.Build.0 = Debug|Any CPU
		{6BA64F85-1646-46CE-A964-CD058AE005C6}.Debug|x64.ActiveCfg = Debug|Any CPU
		{6BA64F85-1646-46CE-A964-CD058AE005C6}.Debug|x64.Build.0 = Debug|Any CPU
		{6BA64F85-1646-46CE-A964-CD058AE005C6}.Debug|x86.ActiveCfg = Debug|Any CPU
		{6BA64F85-1646-46CE-A964-CD058AE005C6}.Debug|x86.Build.0 = Debug|Any CPU
		{6BA64F85-1646-46CE-A964-CD058AE005C6}.Release|Any CPU.ActiveCfg = Release|Any CPU
		{6BA64F85-1646-46CE-A964-CD058AE005C6}.Release|Any CPU.Build.0 = Release|Any CPU
		{6BA64F85-1646-46CE-A964-CD058AE005C6}.Release|x64.ActiveCfg = Release|Any CPU
		{6BA64F85-1646-46CE-A964-CD058AE005C6}.Release|x64.Build.0 = Release|Any CPU
		{6BA64F85-1646-46CE-A964-CD058AE005C6}.Release|x86.ActiveCfg = Release|Any CPU
		{6BA64F85-1646-46CE-A964-CD058AE005C6}.Release|x86.Build.0 = Release|Any CPU
	EndGlobalSection
	GlobalSection(SolutionProperties) = preSolution
		HideSolutionNode = FALSE
	EndGlobalSection
	GlobalSection(NestedProjects) = preSolution
		{CC9884C5-858B-4FB8-9C4D-770167EA3551} = {827E0CD3-B72D-47B6-A68D-7590B98EB39B}
		{50EA563E-B61D-418D-A584-0DB3737EF99C} = {827E0CD3-B72D-47B6-A68D-7590B98EB39B}
		{7D9EC3BA-3B6F-49E9-AB8D-8E02322A77ED} = {827E0CD3-B72D-47B6-A68D-7590B98EB39B}
		{D975D558-4E0E-4347-96EB-C2BCC326892A} = {827E0CD3-B72D-47B6-A68D-7590B98EB39B}
		{76445990-A37C-4D15-B775-A8A655D916C7} = {827E0CD3-B72D-47B6-A68D-7590B98EB39B}
		{08B054FE-6387-4432-A461-B1DA032EB99F} = {0AB3BF05-4346-4AA6-1389-037BE0695223}
		{6BA64F85-1646-46CE-A964-CD058AE005C6} = {0AB3BF05-4346-4AA6-1389-037BE0695223}
	EndGlobalSection
EndGlobal
